
Microsoft Visual Studio Solution File, Format Version 12.00
# Visual Studio 15
VisualStudioVersion = 15.0.27703.2018
MinimumVisualStudioVersion = 10.0.40219.1
Project("{FAE04EC0-301F-11D3-BF4B-00C04F79EFBC}") = "ASS_35", "ASS_35.csproj", "{CEE40E50-D1B8-4059-82E2-5D586F3257C9}"
EndProject
Global
	GlobalSection(SolutionConfigurationPlatforms) = preSolution
		Debug|Any CPU = Debug|Any CPU
		Release|Any CPU = Release|Any CPU
	EndGlobalSection
	GlobalSection(ProjectConfigurationPlatforms) = postSolution
		{CEE40E50-D1B8-4059-82E2-5D586F3257C9}.Debug|Any CPU.ActiveCfg = Debug|Any CPU
		{CEE40E50-D1B8-4059-82E2-5D586F3257C9}.Debug|Any CPU.Build.0 = Debug|Any CPU
		{CEE40E50-D1B8-4059-82E2-5D586F3257C9}.Release|Any CPU.ActiveCfg = Release|Any CPU
		{CEE40E50-D1B8-4059-82E2-5D586F3257C9}.Release|Any CPU.Build.0 = Release|Any CPU
	EndGlobalSection
	GlobalSection(SolutionProperties) = preSolution
		HideSolutionNode = FALSE
	EndGlobalSection
	GlobalSection(ExtensibilityGlobals) = postSolution
		SolutionGuid = {6795CEA3-AD51-48C0-8917-82A8DBA68107}
	EndGlobalSection
EndGlobal
